
Microsoft Visual Studio Solution File, Format Version 12.00
# Visual Studio 15
VisualStudioVersion = 15.0.28307.902
MinimumVisualStudioVersion = 10.0.40219.1
Project("{FAE04EC0-301F-11D3-BF4B-00C04F79EFBC}") = "FichaAcademia", "FichaAcademia\FichaAcademia.csproj", "{E8543A8B-7044-4012-BA89-91F7085C9D02}"
EndProject
Global
	GlobalSection(SolutionConfigurationPlatforms) = preSolution
		Debug|Any CPU = Debug|Any CPU
		Release|Any CPU = Release|Any CPU
	EndGlobalSection
	GlobalSection(ProjectConfigurationPlatforms) = postSolution
		{E8543A8B-7044-4012-BA89-91F7085C9D02}.Debug|Any CPU.ActiveCfg = Debug|Any CPU
		{E8543A8B-7044-4012-BA89-91F7085C9D02}.Debug|Any CPU.Build.0 = Debug|Any CPU
		{E8543A8B-7044-4012-BA89-91F7085C9D02}.Release|Any CPU.ActiveCfg = Release|Any CPU
		{E8543A8B-7044-4012-BA89-91F7085C9D02}.Release|Any CPU.Build.0 = Release|Any CPU
	EndGlobalSection
	GlobalSection(SolutionProperties) = preSolution
		HideSolutionNode = FALSE
	EndGlobalSection
	GlobalSection(ExtensibilityGlobals) = postSolution
		SolutionGuid = {3E761537-67B8-4BED-A04F-3C87E7C7B517}
	EndGlobalSection
EndGlobal
